
Microsoft Visual Studio Solution File, Format Version 12.00
# Visual Studio Version 17
VisualStudioVersion = 17.6.33829.357
MinimumVisualStudioVersion = 10.0.40219.1
Project("{9A19103F-16F7-4668-BE54-9A1E7A4F7556}") = "RSwitch.AMBS.Web", "RSwitch.AMBS.Web\RSwitch.AMBS.Web.csproj", "{65439CFA-5EA7-44F8-8826-73FF4FCEDED3}"
EndProject
Project("{FAE04EC0-301F-11D3-BF4B-00C04F79EFBC}") = "RSwitch.AMBS.Library", "RSwitch.AMBS.Library\RSwitch.AMBS.Library.csproj", "{3EF78368-3BE6-41DD-B331-9278DCAA760E}"
EndProject
Global
	GlobalSection(SolutionConfigurationPlatforms) = preSolution
		Debug|Any CPU = Debug|Any CPU
		Release|Any CPU = Release|Any CPU
	EndGlobalSection
	GlobalSection(ProjectConfigurationPlatforms) = postSolution
		{65439CFA-5EA7-44F8-8826-73FF4FCEDED3}.Debug|Any CPU.ActiveCfg = Debug|Any CPU
		{65439CFA-5EA7-44F8-8826-73FF4FCEDED3}.Debug|Any CPU.Build.0 = Debug|Any CPU
		{65439CFA-5EA7-44F8-8826-73FF4FCEDED3}.Release|Any CPU.ActiveCfg = Release|Any CPU
		{65439CFA-5EA7-44F8-8826-73FF4FCEDED3}.Release|Any CPU.Build.0 = Release|Any CPU
		{3EF78368-3BE6-41DD-B331-9278DCAA760E}.Debug|Any CPU.ActiveCfg = Debug|Any CPU
		{3EF78368-3BE6-41DD-B331-9278DCAA760E}.Debug|Any CPU.Build.0 = Debug|Any CPU
		{3EF78368-3BE6-41DD-B331-9278DCAA760E}.Release|Any CPU.ActiveCfg = Release|Any CPU
		{3EF78368-3BE6-41DD-B331-9278DCAA760E}.Release|Any CPU.Build.0 = Release|Any CPU
	EndGlobalSection
	GlobalSection(SolutionProperties) = preSolution
		HideSolutionNode = FALSE
	EndGlobalSection
	GlobalSection(ExtensibilityGlobals) = postSolution
		SolutionGuid = {E16F203C-7131-477F-BBDC-6297391BA5DF}
	EndGlobalSection
EndGlobal
