
Microsoft Visual Studio Solution File, Format Version 12.00
# Visual Studio Version 17
VisualStudioVersion = 17.6.33829.357
MinimumVisualStudioVersion = 10.0.40219.1
Project("{9A19103F-16F7-4668-BE54-9A1E7A4F7556}") = "RSwitch.AMBS.Web", "RSwitch.AMBS.Web\RSwitch.AMBS.Web.csproj", "{65439CFA-5EA7-44F8-8826-73FF4FCEDED3}"
EndProject
Project("{9A19103F-16F7-4668-BE54-9A1E7A4F7556}") = "RSwitch.AMBS.Library", "RSwitch.AMBS.Library\RSwitch.AMBS.Library.csproj", "{3EF78368-3BE6-41DD-B331-9278DCAA760E}"
EndProject
Project("{9A19103F-16F7-4668-BE54-9A1E7A4F7556}") = "RSwitch.AMBS.DAL", "RSwitch.AMBS.DAL\RSwitch.AMBS.DAL.csproj", "{8752CCF0-C794-45D5-826C-CE613C1FB405}"
EndProject
Project("{9A19103F-16F7-4668-BE54-9A1E7A4F7556}") = "RSwitch.AMBS.Utility", "RSwitch.AMBS.Utility\RSwitch.AMBS.Utility.csproj", "{94B9C42A-DB87-46AB-A248-D11E4B984E79}"
EndProject
Project("{9A19103F-16F7-4668-BE54-9A1E7A4F7556}") = "RSwitch.AMBS.Model", "RSwitch.AMBS.Model\RSwitch.AMBS.Model.csproj", "{F2BD5CEF-BA9D-4F1C-A63B-1149D6283C52}"
EndProject
Project("{9A19103F-16F7-4668-BE54-9A1E7A4F7556}") = "RSwitch.AMBS.Service", "RSwitch.AMBS.Service\RSwitch.AMBS.Service.csproj", "{6E3A6E92-9DB5-4425-8973-FD3CADD78DA4}"
EndProject
Project("{9A19103F-16F7-4668-BE54-9A1E7A4F7556}") = "RSwitch.AMBS.Validation", "RSwitch.AMBS.Validation\RSwitch.AMBS.Validation.csproj", "{9B3E65A0-6AF0-471C-9733-BAF4B5BB1194}"
EndProject
Project("{FAE04EC0-301F-11D3-BF4B-00C04F79EFBC}") = "RSwitch.AMBS.UnitTest", "RSwitch.AMBS.UnitTest\RSwitch.AMBS.UnitTest.csproj", "{5CB5E056-CB69-4678-ADC9-E1F9FEC5A6C6}"
EndProject
Global
	GlobalSection(SolutionConfigurationPlatforms) = preSolution
		Debug|Any CPU = Debug|Any CPU
		Release|Any CPU = Release|Any CPU
	EndGlobalSection
	GlobalSection(ProjectConfigurationPlatforms) = postSolution
		{65439CFA-5EA7-44F8-8826-73FF4FCEDED3}.Debug|Any CPU.ActiveCfg = Debug|Any CPU
		{65439CFA-5EA7-44F8-8826-73FF4FCEDED3}.Debug|Any CPU.Build.0 = Debug|Any CPU
		{65439CFA-5EA7-44F8-8826-73FF4FCEDED3}.Release|Any CPU.ActiveCfg = Release|Any CPU
		{65439CFA-5EA7-44F8-8826-73FF4FCEDED3}.Release|Any CPU.Build.0 = Release|Any CPU
		{3EF78368-3BE6-41DD-B331-9278DCAA760E}.Debug|Any CPU.ActiveCfg = Debug|Any CPU
		{3EF78368-3BE6-41DD-B331-9278DCAA760E}.Debug|Any CPU.Build.0 = Debug|Any CPU
		{3EF78368-3BE6-41DD-B331-9278DCAA760E}.Release|Any CPU.ActiveCfg = Release|Any CPU
		{3EF78368-3BE6-41DD-B331-9278DCAA760E}.Release|Any CPU.Build.0 = Release|Any CPU
		{8752CCF0-C794-45D5-826C-CE613C1FB405}.Debug|Any CPU.ActiveCfg = Debug|Any CPU
		{8752CCF0-C794-45D5-826C-CE613C1FB405}.Debug|Any CPU.Build.0 = Debug|Any CPU
		{8752CCF0-C794-45D5-826C-CE613C1FB405}.Release|Any CPU.ActiveCfg = Release|Any CPU
		{8752CCF0-C794-45D5-826C-CE613C1FB405}.Release|Any CPU.Build.0 = Release|Any CPU
		{94B9C42A-DB87-46AB-A248-D11E4B984E79}.Debug|Any CPU.ActiveCfg = Debug|Any CPU
		{94B9C42A-DB87-46AB-A248-D11E4B984E79}.Debug|Any CPU.Build.0 = Debug|Any CPU
		{94B9C42A-DB87-46AB-A248-D11E4B984E79}.Release|Any CPU.ActiveCfg = Release|Any CPU
		{94B9C42A-DB87-46AB-A248-D11E4B984E79}.Release|Any CPU.Build.0 = Release|Any CPU
		{F2BD5CEF-BA9D-4F1C-A63B-1149D6283C52}.Debug|Any CPU.ActiveCfg = Debug|Any CPU
		{F2BD5CEF-BA9D-4F1C-A63B-1149D6283C52}.Debug|Any CPU.Build.0 = Debug|Any CPU
		{F2BD5CEF-BA9D-4F1C-A63B-1149D6283C52}.Release|Any CPU.ActiveCfg = Release|Any CPU
		{F2BD5CEF-BA9D-4F1C-A63B-1149D6283C52}.Release|Any CPU.Build.0 = Release|Any CPU
		{6E3A6E92-9DB5-4425-8973-FD3CADD78DA4}.Debug|Any CPU.ActiveCfg = Debug|Any CPU
		{6E3A6E92-9DB5-4425-8973-FD3CADD78DA4}.Debug|Any CPU.Build.0 = Debug|Any CPU
		{6E3A6E92-9DB5-4425-8973-FD3CADD78DA4}.Release|Any CPU.ActiveCfg = Release|Any CPU
		{6E3A6E92-9DB5-4425-8973-FD3CADD78DA4}.Release|Any CPU.Build.0 = Release|Any CPU
		{9B3E65A0-6AF0-471C-9733-BAF4B5BB1194}.Debug|Any CPU.ActiveCfg = Debug|Any CPU
		{9B3E65A0-6AF0-471C-9733-BAF4B5BB1194}.Debug|Any CPU.Build.0 = Debug|Any CPU
		{9B3E65A0-6AF0-471C-9733-BAF4B5BB1194}.Release|Any CPU.ActiveCfg = Release|Any CPU
		{9B3E65A0-6AF0-471C-9733-BAF4B5BB1194}.Release|Any CPU.Build.0 = Release|Any CPU
		{5CB5E056-CB69-4678-ADC9-E1F9FEC5A6C6}.Debug|Any CPU.ActiveCfg = Debug|Any CPU
		{5CB5E056-CB69-4678-ADC9-E1F9FEC5A6C6}.Debug|Any CPU.Build.0 = Debug|Any CPU
		{5CB5E056-CB69-4678-ADC9-E1F9FEC5A6C6}.Release|Any CPU.ActiveCfg = Release|Any CPU
		{5CB5E056-CB69-4678-ADC9-E1F9FEC5A6C6}.Release|Any CPU.Build.0 = Release|Any CPU
	EndGlobalSection
	GlobalSection(SolutionProperties) = preSolution
		HideSolutionNode = FALSE
	EndGlobalSection
	GlobalSection(ExtensibilityGlobals) = postSolution
		SolutionGuid = {E16F203C-7131-477F-BBDC-6297391BA5DF}
	EndGlobalSection
EndGlobal
